// !$*UTF8*$!
{
	archiveVersion = 1;
	classes = {
	};
	objectVersion = 77;
	objects = {

/* Begin PBXContainerItemProxy section */
		97419C982EE47BE900F8582B /* PBXContainerItemProxy */ = {
			isa = PBXContainerItemProxy;
			containerPortal = 97419C802EE47BE800F8582B /* Project object */;
			proxyType = 1;
			remoteGlobalIDString = 97419C872EE47BE800F8582B;
			remoteInfo = ScrollFixMac;
		};
		97419CA22EE47BE900F8582B /* PBXContainerItemProxy */ = {
			isa = PBXContainerItemProxy;
			containerPortal = 97419C802EE47BE800F8582B /* Project object */;
			proxyType = 1;
			remoteGlobalIDString = 97419C872EE47BE800F8582B;
			remoteInfo = ScrollFixMac;
		};
/* End PBXContainerItemProxy section */

/* Begin PBXFileReference section */
		97419C882EE47BE800F8582B /* ScrollFixMac.app */ = {isa = PBXFileReference; explicitFileType = wrapper.application; includeInIndex = 0; path = ScrollFixMac.app; sourceTree = BUILT_PRODUCTS_DIR; };
		97419C972EE47BE900F8582B /* ScrollFixMacTests.xctest */ = {isa = PBXFileReference; explicitFileType = wrapper.cfbundle; includeInIndex = 0; path = ScrollFixMacTests.xctest; sourceTree = BUILT_PRODUCTS_DIR; };
		97419CA12EE47BE900F8582B /* ScrollFixMacUITests.xctest */ = {isa = PBXFileReference; explicitFileType = wrapper.cfbundle; includeInIndex = 0; path = ScrollFixMacUITests.xctest; sourceTree = BUILT_PRODUCTS_DIR; };
/* End PBXFileReference section */

/* Begin PBXFileSystemSynchronizedRootGroup section */
		97419C8A2EE47BE800F8582B /* ScrollFixMac */ = {
			isa = PBXFileSystemSynchronizedRootGroup;
			path = ScrollFixMac;
			sourceTree = "<group>";
		};
		97419C9A2EE47BE900F8582B /* ScrollFixMacTests */ = {
			isa = PBXFileSystemSynchronizedRootGroup;
			path = ScrollFixMacTests;
			sourceTree = "<group>";
		};
		97419CA42EE47BE900F8582B /* ScrollFixMacUITests */ = {
			isa = PBXFileSystemSynchronizedRootGroup;
			path = ScrollFixMacUITests;
			sourceTree = "<group>";
		};
/* End PBXFileSystemSynchronizedRootGroup section */

/* Begin PBXFrameworksBuildPhase section */
		97419C852EE47BE800F8582B /* Frameworks */ = {
			isa = PBXFrameworksBuildPhase;
			buildActionMask = 2147483647;
			files = (
			);
			runOnlyForDeploymentPostprocessing = 0;
		};
		97419C942EE47BE900F8582B /* Frameworks */ = {
			isa = PBXFrameworksBuildPhase;
			buildActionMask = 2147483647;
			files = (
			);
			runOnlyForDeploymentPostprocessing = 0;
		};
		97419C9E2EE47BE900F8582B /* Frameworks */ = {
			isa = PBXFrameworksBuildPhase;
			buildActionMask = 2147483647;
			files = (
			);
			runOnlyForDeploymentPostprocessing = 0;
		};
/* End PBXFrameworksBuildPhase section */

/* Begin PBXGroup section */
		97419C7F2EE47BE800F8582B = {
			isa = PBXGroup;
			children = (
				97419C8A2EE47BE800F8582B /* ScrollFixMac */,
				97419C9A2EE47BE900F8582B /* ScrollFixMacTests */,
				97419CA42EE47BE900F8582B /* ScrollFixMacUITests */,
				97419C892EE47BE800F8582B /* Products */,
			);
			sourceTree = "<group>";
		};
		97419C892EE47BE800F8582B /* Products */ = {
			isa = PBXGroup;
			children = (
				97419C882EE47BE800F8582B /* ScrollFixMac.app */,
				97419C972EE47BE900F8582B /* ScrollFixMacTests.xctest */,
				97419CA12EE47BE900F8582B /* ScrollFixMacUITests.xctest */,
			);
			name = Products;
			sourceTree = "<group>";
		};
/* End PBXGroup section */

/* Begin PBXNativeTarget section */
		97419C872EE47BE800F8582B /* ScrollFixMac */ = {
			isa = PBXNativeTarget;
			buildConfigurationList = 97419CAB2EE47BE900F8582B /* Build configuration list for PBXNativeTarget "ScrollFixMac" */;
			buildPhases = (
				97419C842EE47BE800F8582B /* Sources */,
				97419C852EE47BE800F8582B /* Frameworks */,
				97419C862EE47BE800F8582B /* Resources */,
			);
			buildRules = (
			);
			dependencies = (
			);
			fileSystemSynchronizedGroups = (
				97419C8A2EE47BE800F8582B /* ScrollFixMac */,
			);
			name = ScrollFixMac;
			packageProductDependencies = (
			);
			productName = ScrollFixMac;
			productReference = 97419C882EE47BE800F8582B /* ScrollFixMac.app */;
			productType = "com.apple.product-type.application";
		};
		97419C962EE47BE900F8582B /* ScrollFixMacTests */ = {
			isa = PBXNativeTarget;
			buildConfigurationList = 97419CAE2EE47BE900F8582B /* Build configuration list for PBXNativeTarget "ScrollFixMacTests" */;
			buildPhases = (
				97419C932EE47BE900F8582B /* Sources */,
				97419C942EE47BE900F8582B /* Frameworks */,
				97419C952EE47BE900F8582B /* Resources */,
			);
			buildRules = (
			);
			dependencies = (
				97419C992EE47BE900F8582B /* PBXTargetDependency */,
			);
			fileSystemSynchronizedGroups = (
				97419C9A2EE47BE900F8582B /* ScrollFixMacTests */,
			);
			name = ScrollFixMacTests;
			packageProductDependencies = (
			);
			productName = ScrollFixMacTests;
			productReference = 97419C972EE47BE900F8582B /* ScrollFixMacTests.xctest */;
			productType = "com.apple.product-type.bundle.unit-test";
		};
		97419CA02EE47BE900F8582B /* ScrollFixMacUITests */ = {
			isa = PBXNativeTarget;
			buildConfigurationList = 97419CB12EE47BE900F8582B /* Build configuration list for PBXNativeTarget "ScrollFixMacUITests" */;
			buildPhases = (
				97419C9D2EE47BE900F8582B /* Sources */,
				97419C9E2EE47BE900F8582B /* Frameworks */,
				97419C9F2EE47BE900F8582B /* Resources */,
			);
			buildRules = (
			);
			dependencies = (
				97419CA32EE47BE900F8582B /* PBXTargetDependency */,
			);
			fileSystemSynchronizedGroups = (
				97419CA42EE47BE900F8582B /* ScrollFixMacUITests */,
			);
			name = ScrollFixMacUITests;
			packageProductDependencies = (
			);
			productName = ScrollFixMacUITests;
			productReference = 97419CA12EE47BE900F8582B /* ScrollFixMacUITests.xctest */;
			productType = "com.apple.product-type.bundle.ui-testing";
		};
/* End PBXNativeTarget section */

/* Begin PBXProject section */
		97419C802EE47BE800F8582B /* Project object */ = {
			isa = PBXProject;
			attributes = {
				BuildIndependentTargetsInParallel = 1;
				LastSwiftUpdateCheck = 2610;
				LastUpgradeCheck = 2610;
				TargetAttributes = {
					97419C872EE47BE800F8582B = {
						CreatedOnToolsVersion = 26.1.1;
					};
					97419C962EE47BE900F8582B = {
						CreatedOnToolsVersion = 26.1.1;
						TestTargetID = 97419C872EE47BE800F8582B;
					};
					97419CA02EE47BE900F8582B = {
						CreatedOnToolsVersion = 26.1.1;
						TestTargetID = 97419C872EE47BE800F8582B;
					};
				};
			};
			buildConfigurationList = 97419C832EE47BE800F8582B /* Build configuration list for PBXProject "ScrollFixMac" */;
			developmentRegion = en;
			hasScannedForEncodings = 0;
			knownRegions = (
				en,
				Base,
			);
			mainGroup = 97419C7F2EE47BE800F8582B;
			minimizedProjectReferenceProxies = 1;
			preferredProjectObjectVersion = 77;
			productRefGroup = 97419C892EE47BE800F8582B /* Products */;
			projectDirPath = "";
			projectRoot = "";
			targets = (
				97419C872EE47BE800F8582B /* ScrollFixMac */,
				97419C962EE47BE900F8582B /* ScrollFixMacTests */,
				97419CA02EE47BE900F8582B /* ScrollFixMacUITests */,
			);
		};
/* End PBXProject section */

/* Begin PBXResourcesBuildPhase section */
		97419C862EE47BE800F8582B /* Resources */ = {
			isa = PBXResourcesBuildPhase;
			buildActionMask = 2147483647;
			files = (
			);
			runOnlyForDeploymentPostprocessing = 0;
		};
		97419C952EE47BE900F8582B /* Resources */ = {
			isa = PBXResourcesBuildPhase;
			buildActionMask = 2147483647;
			files = (
			);
			runOnlyForDeploymentPostprocessing = 0;
		};
		97419C9F2EE47BE900F8582B /* Resources */ = {
			isa = PBXResourcesBuildPhase;
			buildActionMask = 2147483647;
			files = (
			);
			runOnlyForDeploymentPostprocessing = 0;
		};
/* End PBXResourcesBuildPhase section */

/* Begin PBXSourcesBuildPhase section */
		97419C842EE47BE800F8582B /* Sources */ = {
			isa = PBXSourcesBuildPhase;
			buildActionMask = 2147483647;
			files = (
			);
			runOnlyForDeploymentPostprocessing = 0;
		};
		97419C932EE47BE900F8582B /* Sources */ = {
			isa = PBXSourcesBuildPhase;
			buildActionMask = 2147483647;
			files = (
			);
			runOnlyForDeploymentPostprocessing = 0;
		};
		97419C9D2EE47BE900F8582B /* Sources */ = {
			isa = PBXSourcesBuildPhase;
			buildActionMask = 2147483647;
			files = (
			);
			runOnlyForDeploymentPostprocessing = 0;
		};
/* End PBXSourcesBuildPhase section */

/* Begin PBXTargetDependency section */
		97419C992EE47BE900F8582B /* PBXTargetDependency */ = {
			isa = PBXTargetDependency;
			target = 97419C872EE47BE800F8582B /* ScrollFixMac */;
			targetProxy = 97419C982EE47BE900F8582B /* PBXContainerItemProxy */;
		};
		97419CA32EE47BE900F8582B /* PBXTargetDependency */ = {
			isa = PBXTargetDependency;
			target = 97419C872EE47BE800F8582B /* ScrollFixMac */;
			targetProxy = 97419CA22EE47BE900F8582B /* PBXContainerItemProxy */;
		};
/* End PBXTargetDependency section */

/* Begin XCBuildConfiguration section */
		97419CA92EE47BE900F8582B /* Debug */ = {
			isa = XCBuildConfiguration;
			buildSettings = {
				ALWAYS_SEARCH_USER_PATHS = NO;
				ASSETCATALOG_COMPILER_GENERATE_SWIFT_ASSET_SYMBOL_EXTENSIONS = YES;
				CLANG_ANALYZER_NONNULL = YES;
				CLANG_ANALYZER_NUMBER_OBJECT_CONVERSION = YES_AGGRESSIVE;
				CLANG_CXX_LANGUAGE_STANDARD = "gnu++20";
				CLANG_ENABLE_MODULES = YES;
				CLANG_ENABLE_OBJC_ARC = YES;
				CLANG_ENABLE_OBJC_WEAK = YES;
				CLANG_WARN_BLOCK_CAPTURE_AUTORELEASING = YES;
				CLANG_WARN_BOOL_CONVERSION = YES;
				CLANG_WARN_COMMA = YES;
				CLANG_WARN_CONSTANT_CONVERSION = YES;
				CLANG_WARN_DEPRECATED_OBJC_IMPLEMENTATIONS = YES;
				CLANG_WARN_DIRECT_OBJC_ISA_USAGE = YES_ERROR;
				CLANG_WARN_DOCUMENTATION_COMMENTS = YES;
				CLANG_WARN_EMPTY_BODY = YES;
				CLANG_WARN_ENUM_CONVERSION = YES;
				CLANG_WARN_INFINITE_RECURSION = YES;
				CLANG_WARN_INT_CONVERSION = YES;
				CLANG_WARN_NON_LITERAL_NULL_CONVERSION = YES;
				CLANG_WARN_OBJC_IMPLICIT_RETAIN_SELF = YES;
				CLANG_WARN_OBJC_LITERAL_CONVERSION = YES;
				CLANG_WARN_OBJC_ROOT_CLASS = YES_ERROR;
				CLANG_WARN_QUOTED_INCLUDE_IN_FRAMEWORK_HEADER = YES;
				CLANG_WARN_RANGE_LOOP_ANALYSIS = YES;
				CLANG_WARN_STRICT_PROTOTYPES = YES;
				CLANG_WARN_SUSPICIOUS_MOVE = YES;
				CLANG_WARN_UNGUARDED_AVAILABILITY = YES_AGGRESSIVE;
				CLANG_WARN_UNREACHABLE_CODE = YES;
				CLANG_WARN__DUPLICATE_METHOD_MATCH = YES;
				COPY_PHASE_STRIP = NO;
				DEBUG_INFORMATION_FORMAT = dwarf;
				ENABLE_STRICT_OBJC_MSGSEND = YES;
				ENABLE_TESTABILITY = YES;
				ENABLE_USER_SCRIPT_SANDBOXING = YES;
				GCC_C_LANGUAGE_STANDARD = gnu17;
				GCC_DYNAMIC_NO_PIC = NO;
				GCC_NO_COMMON_BLOCKS = YES;
				GCC_OPTIMIZATION_LEVEL = 0;
				GCC_PREPROCESSOR_DEFINITIONS = (
					"DEBUG=1",
					"$(inherited)",
				);
				GCC_WARN_64_TO_32_BIT_CONVERSION = YES;
				GCC_WARN_ABOUT_RETURN_TYPE = YES_ERROR;
				GCC_WARN_UNDECLARED_SELECTOR = YES;
				GCC_WARN_UNINITIALIZED_AUTOS = YES_AGGRESSIVE;
				GCC_WARN_UNUSED_FUNCTION = YES;
				GCC_WARN_UNUSED_VARIABLE = YES;
				LOCALIZATION_PREFERS_STRING_CATALOGS = YES;
				MACOSX_DEPLOYMENT_TARGET = 26.1;
				MTL_ENABLE_DEBUG_INFO = INCLUDE_SOURCE;
				MTL_FAST_MATH = YES;
				ONLY_ACTIVE_ARCH = YES;
				SDKROOT = macosx;
				SWIFT_ACTIVE_COMPILATION_CONDITIONS = "DEBUG $(inherited)";
				SWIFT_OPTIMIZATION_LEVEL = "-Onone";
			};
			name = Debug;
		};
		97419CAA2EE47BE900F8582B /* Release */ = {
			isa = XCBuildConfiguration;
			buildSettings = {
				ALWAYS_SEARCH_USER_PATHS = NO;
				ASSETCATALOG_COMPILER_GENERATE_SWIFT_ASSET_SYMBOL_EXTENSIONS = YES;
				CLANG_ANALYZER_NONNULL = YES;
				CLANG_ANALYZER_NUMBER_OBJECT_CONVERSION = YES_AGGRESSIVE;
				CLANG_CXX_LANGUAGE_STANDARD = "gnu++20";
				CLANG_ENABLE_MODULES = YES;
				CLANG_ENABLE_OBJC_ARC = YES;
				CLANG_ENABLE_OBJC_WEAK = YES;
				CLANG_WARN_BLOCK_CAPTURE_AUTORELEASING = YES;
				CLANG_WARN_BOOL_CONVERSION = YES;
				CLANG_WARN_COMMA = YES;
				CLANG_WARN_CONSTANT_CONVERSION = YES;
				CLANG_WARN_DEPRECATED_OBJC_IMPLEMENTATIONS = YES;
				CLANG_WARN_DIRECT_OBJC_ISA_USAGE = YES_ERROR;
				CLANG_WARN_DOCUMENTATION_COMMENTS = YES;
				CLANG_WARN_EMPTY_BODY = YES;
				CLANG_WARN_ENUM_CONVERSION = YES;
				CLANG_WARN_INFINITE_RECURSION = YES;
				CLANG_WARN_INT_CONVERSION = YES;
				CLANG_WARN_NON_LITERAL_NULL_CONVERSION = YES;
				CLANG_WARN_OBJC_IMPLICIT_RETAIN_SELF = YES;
				CLANG_WARN_OBJC_LITERAL_CONVERSION = YES;
				CLANG_WARN_OBJC_ROOT_CLASS = YES_ERROR;
				CLANG_WARN_QUOTED_INCLUDE_IN_FRAMEWORK_HEADER = YES;
				CLANG_WARN_RANGE_LOOP_ANALYSIS = YES;
				CLANG_WARN_STRICT_PROTOTYPES = YES;
				CLANG_WARN_SUSPICIOUS_MOVE = YES;
				CLANG_WARN_UNGUARDED_AVAILABILITY = YES_AGGRESSIVE;
				CLANG_WARN_UNREACHABLE_CODE = YES;
				CLANG_WARN__DUPLICATE_METHOD_MATCH = YES;
				COPY_PHASE_STRIP = NO;
				DEBUG_INFORMATION_FORMAT = "dwarf-with-dsym";
				ENABLE_NS_ASSERTIONS = NO;
				ENABLE_STRICT_OBJC_MSGSEND = YES;
				ENABLE_USER_SCRIPT_SANDBOXING = YES;
				GCC_C_LANGUAGE_STANDARD = gnu17;
				GCC_NO_COMMON_BLOCKS = YES;
				GCC_WARN_64_TO_32_BIT_CONVERSION = YES;
				GCC_WARN_ABOUT_RETURN_TYPE = YES_ERROR;
				GCC_WARN_UNDECLARED_SELECTOR = YES;
				GCC_WARN_UNINITIALIZED_AUTOS = YES_AGGRESSIVE;
				GCC_WARN_UNUSED_FUNCTION = YES;
				GCC_WARN_UNUSED_VARIABLE = YES;
				LOCALIZATION_PREFERS_STRING_CATALOGS = YES;
				MACOSX_DEPLOYMENT_TARGET = 26.1;
				MTL_ENABLE_DEBUG_INFO = NO;
				MTL_FAST_MATH = YES;
				SDKROOT = macosx;
				SWIFT_COMPILATION_MODE = wholemodule;
			};
			name = Release;
		};
		97419CAC2EE47BE900F8582B /* Debug */ = {
			isa = XCBuildConfiguration;
			buildSettings = {
				ASSETCATALOG_COMPILER_APPICON_NAME = AppIcon;
				ASSETCATALOG_COMPILER_GLOBAL_ACCENT_COLOR_NAME = AccentColor;
				CODE_SIGN_STYLE = Automatic;
				COMBINE_HIDPI_IMAGES = YES;
				CURRENT_PROJECT_VERSION = 1;
				ENABLE_APP_SANDBOX = YES;
				ENABLE_PREVIEWS = YES;
				ENABLE_USER_SELECTED_FILES = readonly;
				GENERATE_INFOPLIST_FILE = YES;
				INFOPLIST_KEY_NSHumanReadableCopyright = "";
				LD_RUNPATH_SEARCH_PATHS = (
					"$(inherited)",
					"@executable_path/../Frameworks",
				);
				MARKETING_VERSION = 1.0;
				PRODUCT_BUNDLE_IDENTIFIER = com.freddie.ScrollFixMac;
				PRODUCT_NAME = "$(TARGET_NAME)";
				REGISTER_APP_GROUPS = YES;
				STRING_CATALOG_GENERATE_SYMBOLS = YES;
				SWIFT_APPROACHABLE_CONCURRENCY = YES;
				SWIFT_DEFAULT_ACTOR_ISOLATION = MainActor;
				SWIFT_EMIT_LOC_STRINGS = YES;
				SWIFT_UPCOMING_FEATURE_MEMBER_IMPORT_VISIBILITY = YES;
				SWIFT_VERSION = 5.0;
			};
			name = Debug;
		};
		97419CAD2EE47BE900F8582B /* Release */ = {
			isa = XCBuildConfiguration;
			buildSettings = {
				ASSETCATALOG_COMPILER_APPICON_NAME = AppIcon;
				ASSETCATALOG_COMPILER_GLOBAL_ACCENT_COLOR_NAME = AccentColor;
				CODE_SIGN_STYLE = Automatic;
				COMBINE_HIDPI_IMAGES = YES;
				CURRENT_PROJECT_VERSION = 1;
				ENABLE_APP_SANDBOX = YES;
				ENABLE_PREVIEWS = YES;
				ENABLE_USER_SELECTED_FILES = readonly;
				GENERATE_INFOPLIST_FILE = YES;
				INFOPLIST_KEY_NSHumanReadableCopyright = "";
				LD_RUNPATH_SEARCH_PATHS = (
					"$(inherited)",
					"@executable_path/../Frameworks",
				);
				MARKETING_VERSION = 1.0;
				PRODUCT_BUNDLE_IDENTIFIER = com.freddie.ScrollFixMac;
				PRODUCT_NAME = "$(TARGET_NAME)";
				REGISTER_APP_GROUPS = YES;
				STRING_CATALOG_GENERATE_SYMBOLS = YES;
				SWIFT_APPROACHABLE_CONCURRENCY = YES;
				SWIFT_DEFAULT_ACTOR_ISOLATION = MainActor;
				SWIFT_EMIT_LOC_STRINGS = YES;
				SWIFT_UPCOMING_FEATURE_MEMBER_IMPORT_VISIBILITY = YES;
				SWIFT_VERSION = 5.0;
			};
			name = Release;
		};
		97419CAF2EE47BE900F8582B /* Debug */ = {
			isa = XCBuildConfiguration;
			buildSettings = {
				BUNDLE_LOADER = "$(TEST_HOST)";
				CODE_SIGN_STYLE = Automatic;
				CURRENT_PROJECT_VERSION = 1;
				GENERATE_INFOPLIST_FILE = YES;
				MACOSX_DEPLOYMENT_TARGET = 26.1;
				MARKETING_VERSION = 1.0;
				PRODUCT_BUNDLE_IDENTIFIER = com.freddie.ScrollFixMacTests;
				PRODUCT_NAME = "$(TARGET_NAME)";
				STRING_CATALOG_GENERATE_SYMBOLS = NO;
				SWIFT_APPROACHABLE_CONCURRENCY = YES;
				SWIFT_EMIT_LOC_STRINGS = NO;
				SWIFT_UPCOMING_FEATURE_MEMBER_IMPORT_VISIBILITY = YES;
				SWIFT_VERSION = 5.0;
				TEST_HOST = "$(BUILT_PRODUCTS_DIR)/ScrollFixMac.app/$(BUNDLE_EXECUTABLE_FOLDER_PATH)/ScrollFixMac";
			};
			name = Debug;
		};
		97419CB02EE47BE900F8582B /* Release */ = {
			isa = XCBuildConfiguration;
			buildSettings = {
				BUNDLE_LOADER = "$(TEST_HOST)";
				CODE_SIGN_STYLE = Automatic;
				CURRENT_PROJECT_VERSION = 1;
				GENERATE_INFOPLIST_FILE = YES;
				MACOSX_DEPLOYMENT_TARGET = 26.1;
				MARKETING_VERSION = 1.0;
				PRODUCT_BUNDLE_IDENTIFIER = com.freddie.ScrollFixMacTests;
				PRODUCT_NAME = "$(TARGET_NAME)";
				STRING_CATALOG_GENERATE_SYMBOLS = NO;
				SWIFT_APPROACHABLE_CONCURRENCY = YES;
				SWIFT_EMIT_LOC_STRINGS = NO;
				SWIFT_UPCOMING_FEATURE_MEMBER_IMPORT_VISIBILITY = YES;
				SWIFT_VERSION = 5.0;
				TEST_HOST = "$(BUILT_PRODUCTS_DIR)/ScrollFixMac.app/$(BUNDLE_EXECUTABLE_FOLDER_PATH)/ScrollFixMac";
			};
			name = Release;
		};
		97419CB22EE47BE900F8582B /* Debug */ = {
			isa = XCBuildConfiguration;
			buildSettings = {
				CODE_SIGN_STYLE = Automatic;
				CURRENT_PROJECT_VERSION = 1;
				GENERATE_INFOPLIST_FILE = YES;
				MARKETING_VERSION = 1.0;
				PRODUCT_BUNDLE_IDENTIFIER = com.freddie.ScrollFixMacUITests;
				PRODUCT_NAME = "$(TARGET_NAME)";
				STRING_CATALOG_GENERATE_SYMBOLS = NO;
				SWIFT_APPROACHABLE_CONCURRENCY = YES;
				SWIFT_EMIT_LOC_STRINGS = NO;
				SWIFT_UPCOMING_FEATURE_MEMBER_IMPORT_VISIBILITY = YES;
				SWIFT_VERSION = 5.0;
				TEST_TARGET_NAME = ScrollFixMac;
			};
			name = Debug;
		};
		97419CB32EE47BE900F8582B /* Release */ = {
			isa = XCBuildConfiguration;
			buildSettings = {
				CODE_SIGN_STYLE = Automatic;
				CURRENT_PROJECT_VERSION = 1;
				GENERATE_INFOPLIST_FILE = YES;
				MARKETING_VERSION = 1.0;
				PRODUCT_BUNDLE_IDENTIFIER = com.freddie.ScrollFixMacUITests;
				PRODUCT_NAME = "$(TARGET_NAME)";
				STRING_CATALOG_GENERATE_SYMBOLS = NO;
				SWIFT_APPROACHABLE_CONCURRENCY = YES;
				SWIFT_EMIT_LOC_STRINGS = NO;
				SWIFT_UPCOMING_FEATURE_MEMBER_IMPORT_VISIBILITY = YES;
				SWIFT_VERSION = 5.0;
				TEST_TARGET_NAME = ScrollFixMac;
			};
			name = Release;
		};
/* End XCBuildConfiguration section */

/* Begin XCConfigurationList section */
		97419C832EE47BE800F8582B /* Build configuration list for PBXProject "ScrollFixMac" */ = {
			isa = XCConfigurationList;
			buildConfigurations = (
				97419CA92EE47BE900F8582B /* Debug */,
				97419CAA2EE47BE900F8582B /* Release */,
			);
			defaultConfigurationIsVisible = 0;
			defaultConfigurationName = Release;
		};
		97419CAB2EE47BE900F8582B /* Build configuration list for PBXNativeTarget "ScrollFixMac" */ = {
			isa = XCConfigurationList;
			buildConfigurations = (
				97419CAC2EE47BE900F8582B /* Debug */,
				97419CAD2EE47BE900F8582B /* Release */,
			);
			defaultConfigurationIsVisible = 0;
			defaultConfigurationName = Release;
		};
		97419CAE2EE47BE900F8582B /* Build configuration list for PBXNativeTarget "ScrollFixMacTests" */ = {
			isa = XCConfigurationList;
			buildConfigurations = (
				97419CAF2EE47BE900F8582B /* Debug */,
				97419CB02EE47BE900F8582B /* Release */,
			);
			defaultConfigurationIsVisible = 0;
			defaultConfigurationName = Release;
		};
		97419CB12EE47BE900F8582B /* Build configuration list for PBXNativeTarget "ScrollFixMacUITests" */ = {
			isa = XCConfigurationList;
			buildConfigurations = (
				97419CB22EE47BE900F8582B /* Debug */,
				97419CB32EE47BE900F8582B /* Release */,
			);
			defaultConfigurationIsVisible = 0;
			defaultConfigurationName = Release;
		};
/* End XCConfigurationList section */
	};
	rootObject = 97419C802EE47BE800F8582B /* Project object */;
}
